// !$*UTF8*$!
{
	archiveVersion = 1;
	classes = {
	};
	objectVersion = 50;
	objects = {

/* Begin PBXBuildFile section */
		1227113D21D400BD00D8786A /* TodoItem.swift in Sources */ = {isa = PBXBuildFile; fileRef = 1227113C21D400BD00D8786A /* TodoItem.swift */; };
		12340CCB21D4A37F00A15940 /* Constants.swift in Sources */ = {isa = PBXBuildFile; fileRef = 12340CCA21D4A37F00A15940 /* Constants.swift */; };
		12341D8E21CBDB3200D676B6 /* AppDelegate.swift in Sources */ = {isa = PBXBuildFile; fileRef = 12341D8D21CBDB3200D676B6 /* AppDelegate.swift */; };
		12341D9021CBDB3200D676B6 /* TodoListViewController.swift in Sources */ = {isa = PBXBuildFile; fileRef = 12341D8F21CBDB3200D676B6 /* TodoListViewController.swift */; };
		12341D9321CBDB3200D676B6 /* Main.storyboard in Resources */ = {isa = PBXBuildFile; fileRef = 12341D9121CBDB3200D676B6 /* Main.storyboard */; };
		12341D9521CBDB3300D676B6 /* Assets.xcassets in Resources */ = {isa = PBXBuildFile; fileRef = 12341D9421CBDB3300D676B6 /* Assets.xcassets */; };
		12341D9821CBDB3300D676B6 /* LaunchScreen.storyboard in Resources */ = {isa = PBXBuildFile; fileRef = 12341D9621CBDB3300D676B6 /* LaunchScreen.storyboard */; };
		12D12A0421DE8C5400077B8F /* BusinessClass.swift in Sources */ = {isa = PBXBuildFile; fileRef = 12D12A0321DE8C5400077B8F /* BusinessClass.swift */; };
		12D12A0B21DE991500077B8F /* SaveServices.swift in Sources */ = {isa = PBXBuildFile; fileRef = 12D12A0A21DE991500077B8F /* SaveServices.swift */; };
		12F5215621E8D99900C679B6 /* CetagoryViewController.swift in Sources */ = {isa = PBXBuildFile; fileRef = 12F5215521E8D99900C679B6 /* CetagoryViewController.swift */; };
		12F5215821E8DAD800C679B6 /* Cetagory.swift in Sources */ = {isa = PBXBuildFile; fileRef = 12F5215721E8DAD800C679B6 /* Cetagory.swift */; };
		12F5216E21E95FFD00C679B6 /* CoreDataModels.xcdatamodeld in Sources */ = {isa = PBXBuildFile; fileRef = 12F5216C21E95FFD00C679B6 /* CoreDataModels.xcdatamodeld */; };
		12F5217321E960D400C679B6 /* Item+CoreDataClass.swift in Sources */ = {isa = PBXBuildFile; fileRef = 12F5216F21E960D400C679B6 /* Item+CoreDataClass.swift */; };
		12F5217421E960D400C679B6 /* Item+CoreDataProperties.swift in Sources */ = {isa = PBXBuildFile; fileRef = 12F5217021E960D400C679B6 /* Item+CoreDataProperties.swift */; };
		12F5217521E960D400C679B6 /* CetagoryName+CoreDataClass.swift in Sources */ = {isa = PBXBuildFile; fileRef = 12F5217121E960D400C679B6 /* CetagoryName+CoreDataClass.swift */; };
		12F5217621E960D400C679B6 /* CetagoryName+CoreDataProperties.swift in Sources */ = {isa = PBXBuildFile; fileRef = 12F5217221E960D400C679B6 /* CetagoryName+CoreDataProperties.swift */; };
/* End PBXBuildFile section */

/* Begin PBXFileReference section */
		1227113C21D400BD00D8786A /* TodoItem.swift */ = {isa = PBXFileReference; lastKnownFileType = sourcecode.swift; path = TodoItem.swift; sourceTree = "<group>"; };
		12340CCA21D4A37F00A15940 /* Constants.swift */ = {isa = PBXFileReference; lastKnownFileType = sourcecode.swift; path = Constants.swift; sourceTree = "<group>"; };
		12341D8A21CBDB3200D676B6 /* Todoey.app */ = {isa = PBXFileReference; explicitFileType = wrapper.application; includeInIndex = 0; path = Todoey.app; sourceTree = BUILT_PRODUCTS_DIR; };
		12341D8D21CBDB3200D676B6 /* AppDelegate.swift */ = {isa = PBXFileReference; lastKnownFileType = sourcecode.swift; path = AppDelegate.swift; sourceTree = "<group>"; };
		12341D8F21CBDB3200D676B6 /* TodoListViewController.swift */ = {isa = PBXFileReference; indentWidth = 6; lastKnownFileType = sourcecode.swift; path = TodoListViewController.swift; sourceTree = "<group>"; wrapsLines = 0; };
		12341D9221CBDB3200D676B6 /* Base */ = {isa = PBXFileReference; lastKnownFileType = file.storyboard; name = Base; path = Base.lproj/Main.storyboard; sourceTree = "<group>"; };
		12341D9421CBDB3300D676B6 /* Assets.xcassets */ = {isa = PBXFileReference; lastKnownFileType = folder.assetcatalog; path = Assets.xcassets; sourceTree = "<group>"; };
		12341D9721CBDB3300D676B6 /* Base */ = {isa = PBXFileReference; lastKnownFileType = file.storyboard; name = Base; path = Base.lproj/LaunchScreen.storyboard; sourceTree = "<group>"; };
		12341D9921CBDB3300D676B6 /* Info.plist */ = {isa = PBXFileReference; lastKnownFileType = text.plist.xml; path = Info.plist; sourceTree = "<group>"; };
		12D12A0321DE8C5400077B8F /* BusinessClass.swift */ = {isa = PBXFileReference; lastKnownFileType = sourcecode.swift; path = BusinessClass.swift; sourceTree = "<group>"; };
		12D12A0A21DE991500077B8F /* SaveServices.swift */ = {isa = PBXFileReference; indentWidth = 5; lastKnownFileType = sourcecode.swift; path = SaveServices.swift; sourceTree = "<group>"; };
		12F5215521E8D99900C679B6 /* CetagoryViewController.swift */ = {isa = PBXFileReference; lastKnownFileType = sourcecode.swift; path = CetagoryViewController.swift; sourceTree = "<group>"; };
		12F5215721E8DAD800C679B6 /* Cetagory.swift */ = {isa = PBXFileReference; lastKnownFileType = sourcecode.swift; path = Cetagory.swift; sourceTree = "<group>"; };
		12F5216D21E95FFD00C679B6 /* CoreDataModels.xcdatamodel */ = {isa = PBXFileReference; lastKnownFileType = wrapper.xcdatamodel; path = CoreDataModels.xcdatamodel; sourceTree = "<group>"; };
		12F5216F21E960D400C679B6 /* Item+CoreDataClass.swift */ = {isa = PBXFileReference; lastKnownFileType = sourcecode.swift; path = "Item+CoreDataClass.swift"; sourceTree = "<group>"; };
		12F5217021E960D400C679B6 /* Item+CoreDataProperties.swift */ = {isa = PBXFileReference; lastKnownFileType = sourcecode.swift; path = "Item+CoreDataProperties.swift"; sourceTree = "<group>"; };
		12F5217121E960D400C679B6 /* CetagoryName+CoreDataClass.swift */ = {isa = PBXFileReference; lastKnownFileType = sourcecode.swift; path = "CetagoryName+CoreDataClass.swift"; sourceTree = "<group>"; };
		12F5217221E960D400C679B6 /* CetagoryName+CoreDataProperties.swift */ = {isa = PBXFileReference; lastKnownFileType = sourcecode.swift; path = "CetagoryName+CoreDataProperties.swift"; sourceTree = "<group>"; };
/* End PBXFileReference section */

/* Begin PBXFrameworksBuildPhase section */
		12341D8721CBDB3200D676B6 /* Frameworks */ = {
			isa = PBXFrameworksBuildPhase;
			buildActionMask = 2147483647;
			files = (
			);
			runOnlyForDeploymentPostprocessing = 0;
		};
/* End PBXFrameworksBuildPhase section */

/* Begin PBXGroup section */
		1227113921D4007F00D8786A /* Controller */ = {
			isa = PBXGroup;
			children = (
				12341D8F21CBDB3200D676B6 /* TodoListViewController.swift */,
				12F5215521E8D99900C679B6 /* CetagoryViewController.swift */,
			);
			path = Controller;
			sourceTree = "<group>";
		};
		1227113A21D4009400D8786A /* View */ = {
			isa = PBXGroup;
			children = (
			);
			path = View;
			sourceTree = "<group>";
		};
		1227113B21D4009D00D8786A /* Models */ = {
			isa = PBXGroup;
			children = (
				1227113C21D400BD00D8786A /* TodoItem.swift */,
				12F5215721E8DAD800C679B6 /* Cetagory.swift */,
			);
			path = Models;
			sourceTree = "<group>";
		};
		12340CC921D4A35F00A15940 /* SupportingFiles */ = {
			isa = PBXGroup;
			children = (
				12340CCA21D4A37F00A15940 /* Constants.swift */,
			);
			path = SupportingFiles;
			sourceTree = "<group>";
		};
		12341D8121CBDB3200D676B6 = {
			isa = PBXGroup;
			children = (
				12F5216F21E960D400C679B6 /* Item+CoreDataClass.swift */,
				12F5217021E960D400C679B6 /* Item+CoreDataProperties.swift */,
				12F5217121E960D400C679B6 /* CetagoryName+CoreDataClass.swift */,
				12F5217221E960D400C679B6 /* CetagoryName+CoreDataProperties.swift */,
				12341D8C21CBDB3200D676B6 /* Todoey */,
				12341D8B21CBDB3200D676B6 /* Products */,
			);
			sourceTree = "<group>";
		};
		12341D8B21CBDB3200D676B6 /* Products */ = {
			isa = PBXGroup;
			children = (
				12341D8A21CBDB3200D676B6 /* Todoey.app */,
			);
			name = Products;
			sourceTree = "<group>";
		};
		12341D8C21CBDB3200D676B6 /* Todoey */ = {
			isa = PBXGroup;
			children = (
				12D12A0921DE959500077B8F /* Generated */,
				12D129E121DE89FA00077B8F /* CoreDataModels */,
				12340CC921D4A35F00A15940 /* SupportingFiles */,
				1227113B21D4009D00D8786A /* Models */,
				1227113A21D4009400D8786A /* View */,
				1227113921D4007F00D8786A /* Controller */,
				12341D8D21CBDB3200D676B6 /* AppDelegate.swift */,
				12341D9121CBDB3200D676B6 /* Main.storyboard */,
				12341D9421CBDB3300D676B6 /* Assets.xcassets */,
				12341D9621CBDB3300D676B6 /* LaunchScreen.storyboard */,
				12341D9921CBDB3300D676B6 /* Info.plist */,
			);
			path = Todoey;
			sourceTree = "<group>";
		};
		12D129E121DE89FA00077B8F /* CoreDataModels */ = {
			isa = PBXGroup;
			children = (
				12F5216C21E95FFD00C679B6 /* CoreDataModels.xcdatamodeld */,
				12D12A0321DE8C5400077B8F /* BusinessClass.swift */,
				12D12A0A21DE991500077B8F /* SaveServices.swift */,
			);
			path = CoreDataModels;
			sourceTree = "<group>";
		};
		12D12A0921DE959500077B8F /* Generated */ = {
			isa = PBXGroup;
			children = (
			);
			path = Generated;
			sourceTree = "<group>";
		};
/* End PBXGroup section */

/* Begin PBXNativeTarget section */
		12341D8921CBDB3200D676B6 /* Todoey */ = {
			isa = PBXNativeTarget;
			buildConfigurationList = 12341D9C21CBDB3300D676B6 /* Build configuration list for PBXNativeTarget "Todoey" */;
			buildPhases = (
				12341D8621CBDB3200D676B6 /* Sources */,
				12341D8721CBDB3200D676B6 /* Frameworks */,
				12341D8821CBDB3200D676B6 /* Resources */,
			);
			buildRules = (
			);
			dependencies = (
			);
			name = Todoey;
			productName = Todoey;
			productReference = 12341D8A21CBDB3200D676B6 /* Todoey.app */;
			productType = "com.apple.product-type.application";
		};
/* End PBXNativeTarget section */

/* Begin PBXProject section */
		12341D8221CBDB3200D676B6 /* Project object */ = {
			isa = PBXProject;
			attributes = {
				LastSwiftUpdateCheck = 1000;
				LastUpgradeCheck = 1000;
				ORGANIZATIONNAME = "A K M Saleh Sultan";
				TargetAttributes = {
					12341D8921CBDB3200D676B6 = {
						CreatedOnToolsVersion = 10.0;
					};
				};
			};
			buildConfigurationList = 12341D8521CBDB3200D676B6 /* Build configuration list for PBXProject "Todoey" */;
			compatibilityVersion = "Xcode 9.3";
			developmentRegion = en;
			hasScannedForEncodings = 0;
			knownRegions = (
				en,
				Base,
			);
			mainGroup = 12341D8121CBDB3200D676B6;
			productRefGroup = 12341D8B21CBDB3200D676B6 /* Products */;
			projectDirPath = "";
			projectRoot = "";
			targets = (
				12341D8921CBDB3200D676B6 /* Todoey */,
			);
		};
/* End PBXProject section */

/* Begin PBXResourcesBuildPhase section */
		12341D8821CBDB3200D676B6 /* Resources */ = {
			isa = PBXResourcesBuildPhase;
			buildActionMask = 2147483647;
			files = (
				12341D9821CBDB3300D676B6 /* LaunchScreen.storyboard in Resources */,
				12341D9521CBDB3300D676B6 /* Assets.xcassets in Resources */,
				12341D9321CBDB3200D676B6 /* Main.storyboard in Resources */,
			);
			runOnlyForDeploymentPostprocessing = 0;
		};
/* End PBXResourcesBuildPhase section */

/* Begin PBXSourcesBuildPhase section */
		12341D8621CBDB3200D676B6 /* Sources */ = {
			isa = PBXSourcesBuildPhase;
			buildActionMask = 2147483647;
			files = (
				12F5217321E960D400C679B6 /* Item+CoreDataClass.swift in Sources */,
				12D12A0421DE8C5400077B8F /* BusinessClass.swift in Sources */,
				12341D9021CBDB3200D676B6 /* TodoListViewController.swift in Sources */,
				12F5215821E8DAD800C679B6 /* Cetagory.swift in Sources */,
				12F5217521E960D400C679B6 /* CetagoryName+CoreDataClass.swift in Sources */,
				12D12A0B21DE991500077B8F /* SaveServices.swift in Sources */,
				12F5216E21E95FFD00C679B6 /* CoreDataModels.xcdatamodeld in Sources */,
				12F5215621E8D99900C679B6 /* CetagoryViewController.swift in Sources */,
				1227113D21D400BD00D8786A /* TodoItem.swift in Sources */,
				12341D8E21CBDB3200D676B6 /* AppDelegate.swift in Sources */,
				12F5217621E960D400C679B6 /* CetagoryName+CoreDataProperties.swift in Sources */,
				12F5217421E960D400C679B6 /* Item+CoreDataProperties.swift in Sources */,
				12340CCB21D4A37F00A15940 /* Constants.swift in Sources */,
			);
			runOnlyForDeploymentPostprocessing = 0;
		};
/* End PBXSourcesBuildPhase section */

/* Begin PBXVariantGroup section */
		12341D9121CBDB3200D676B6 /* Main.storyboard */ = {
			isa = PBXVariantGroup;
			children = (
				12341D9221CBDB3200D676B6 /* Base */,
			);
			name = Main.storyboard;
			sourceTree = "<group>";
		};
		12341D9621CBDB3300D676B6 /* LaunchScreen.storyboard */ = {
			isa = PBXVariantGroup;
			children = (
				12341D9721CBDB3300D676B6 /* Base */,
			);
			name = LaunchScreen.storyboard;
			sourceTree = "<group>";
		};
/* End PBXVariantGroup section */

/* Begin XCBuildConfiguration section */
		12341D9A21CBDB3300D676B6 /* Debug */ = {
			isa = XCBuildConfiguration;
			buildSettings = {
				ALWAYS_SEARCH_USER_PATHS = NO;
				CLANG_ANALYZER_NONNULL = YES;
				CLANG_ANALYZER_NUMBER_OBJECT_CONVERSION = YES_AGGRESSIVE;
				CLANG_CXX_LANGUAGE_STANDARD = "gnu++14";
				CLANG_CXX_LIBRARY = "libc++";
				CLANG_ENABLE_MODULES = YES;
				CLANG_ENABLE_OBJC_ARC = YES;
				CLANG_ENABLE_OBJC_WEAK = YES;
				CLANG_WARN_BLOCK_CAPTURE_AUTORELEASING = YES;
				CLANG_WARN_BOOL_CONVERSION = YES;
				CLANG_WARN_COMMA = YES;
				CLANG_WARN_CONSTANT_CONVERSION = YES;
				CLANG_WARN_DEPRECATED_OBJC_IMPLEMENTATIONS = YES;
				CLANG_WARN_DIRECT_OBJC_ISA_USAGE = YES_ERROR;
				CLANG_WARN_DOCUMENTATION_COMMENTS = YES;
				CLANG_WARN_EMPTY_BODY = YES;
				CLANG_WARN_ENUM_CONVERSION = YES;
				CLANG_WARN_INFINITE_RECURSION = YES;
				CLANG_WARN_INT_CONVERSION = YES;
				CLANG_WARN_NON_LITERAL_NULL_CONVERSION = YES;
				CLANG_WARN_OBJC_IMPLICIT_RETAIN_SELF = YES;
				CLANG_WARN_OBJC_LITERAL_CONVERSION = YES;
				CLANG_WARN_OBJC_ROOT_CLASS = YES_ERROR;
				CLANG_WARN_RANGE_LOOP_ANALYSIS = YES;
				CLANG_WARN_STRICT_PROTOTYPES = YES;
				CLANG_WARN_SUSPICIOUS_MOVE = YES;
				CLANG_WARN_UNGUARDED_AVAILABILITY = YES_AGGRESSIVE;
				CLANG_WARN_UNREACHABLE_CODE = YES;
				CLANG_WARN__DUPLICATE_METHOD_MATCH = YES;
				CODE_SIGN_IDENTITY = "iPhone Developer";
				COPY_PHASE_STRIP = NO;
				DEBUG_INFORMATION_FORMAT = dwarf;
				ENABLE_STRICT_OBJC_MSGSEND = YES;
				ENABLE_TESTABILITY = YES;
				GCC_C_LANGUAGE_STANDARD = gnu11;
				GCC_DYNAMIC_NO_PIC = NO;
				GCC_NO_COMMON_BLOCKS = YES;
				GCC_OPTIMIZATION_LEVEL = 0;
				GCC_PREPROCESSOR_DEFINITIONS = (
					"DEBUG=1",
					"$(inherited)",
				);
				GCC_WARN_64_TO_32_BIT_CONVERSION = YES;
				GCC_WARN_ABOUT_RETURN_TYPE = YES_ERROR;
				GCC_WARN_UNDECLARED_SELECTOR = YES;
				GCC_WARN_UNINITIALIZED_AUTOS = YES_AGGRESSIVE;
				GCC_WARN_UNUSED_FUNCTION = YES;
				GCC_WARN_UNUSED_VARIABLE = YES;
				IPHONEOS_DEPLOYMENT_TARGET = 12.0;
				MTL_ENABLE_DEBUG_INFO = INCLUDE_SOURCE;
				MTL_FAST_MATH = YES;
				ONLY_ACTIVE_ARCH = YES;
				SDKROOT = iphoneos;
				SWIFT_ACTIVE_COMPILATION_CONDITIONS = DEBUG;
				SWIFT_OPTIMIZATION_LEVEL = "-Onone";
			};
			name = Debug;
		};
		12341D9B21CBDB3300D676B6 /* Release */ = {
			isa = XCBuildConfiguration;
			buildSettings = {
				ALWAYS_SEARCH_USER_PATHS = NO;
				CLANG_ANALYZER_NONNULL = YES;
				CLANG_ANALYZER_NUMBER_OBJECT_CONVERSION = YES_AGGRESSIVE;
				CLANG_CXX_LANGUAGE_STANDARD = "gnu++14";
				CLANG_CXX_LIBRARY = "libc++";
				CLANG_ENABLE_MODULES = YES;
				CLANG_ENABLE_OBJC_ARC = YES;
				CLANG_ENABLE_OBJC_WEAK = YES;
				CLANG_WARN_BLOCK_CAPTURE_AUTORELEASING = YES;
				CLANG_WARN_BOOL_CONVERSION = YES;
				CLANG_WARN_COMMA = YES;
				CLANG_WARN_CONSTANT_CONVERSION = YES;
				CLANG_WARN_DEPRECATED_OBJC_IMPLEMENTATIONS = YES;
				CLANG_WARN_DIRECT_OBJC_ISA_USAGE = YES_ERROR;
				CLANG_WARN_DOCUMENTATION_COMMENTS = YES;
				CLANG_WARN_EMPTY_BODY = YES;
				CLANG_WARN_ENUM_CONVERSION = YES;
				CLANG_WARN_INFINITE_RECURSION = YES;
				CLANG_WARN_INT_CONVERSION = YES;
				CLANG_WARN_NON_LITERAL_NULL_CONVERSION = YES;
				CLANG_WARN_OBJC_IMPLICIT_RETAIN_SELF = YES;
				CLANG_WARN_OBJC_LITERAL_CONVERSION = YES;
				CLANG_WARN_OBJC_ROOT_CLASS = YES_ERROR;
				CLANG_WARN_RANGE_LOOP_ANALYSIS = YES;
				CLANG_WARN_STRICT_PROTOTYPES = YES;
				CLANG_WARN_SUSPICIOUS_MOVE = YES;
				CLANG_WARN_UNGUARDED_AVAILABILITY = YES_AGGRESSIVE;
				CLANG_WARN_UNREACHABLE_CODE = YES;
				CLANG_WARN__DUPLICATE_METHOD_MATCH = YES;
				CODE_SIGN_IDENTITY = "iPhone Developer";
				COPY_PHASE_STRIP = NO;
				DEBUG_INFORMATION_FORMAT = "dwarf-with-dsym";
				ENABLE_NS_ASSERTIONS = NO;
				ENABLE_STRICT_OBJC_MSGSEND = YES;
				GCC_C_LANGUAGE_STANDARD = gnu11;
				GCC_NO_COMMON_BLOCKS = YES;
				GCC_WARN_64_TO_32_BIT_CONVERSION = YES;
				GCC_WARN_ABOUT_RETURN_TYPE = YES_ERROR;
				GCC_WARN_UNDECLARED_SELECTOR = YES;
				GCC_WARN_UNINITIALIZED_AUTOS = YES_AGGRESSIVE;
				GCC_WARN_UNUSED_FUNCTION = YES;
				GCC_WARN_UNUSED_VARIABLE = YES;
				IPHONEOS_DEPLOYMENT_TARGET = 12.0;
				MTL_ENABLE_DEBUG_INFO = NO;
				MTL_FAST_MATH = YES;
				SDKROOT = iphoneos;
				SWIFT_COMPILATION_MODE = wholemodule;
				SWIFT_OPTIMIZATION_LEVEL = "-O";
				VALIDATE_PRODUCT = YES;
			};
			name = Release;
		};
		12341D9D21CBDB3300D676B6 /* Debug */ = {
			isa = XCBuildConfiguration;
			buildSettings = {
				ASSETCATALOG_COMPILER_APPICON_NAME = AppIcon;
				CODE_SIGN_STYLE = Automatic;
				DEVELOPMENT_TEAM = FLGL8YTCUV;
				INFOPLIST_FILE = Todoey/Info.plist;
				LD_RUNPATH_SEARCH_PATHS = (
					"$(inherited)",
					"@executable_path/Frameworks",
				);
				PRODUCT_BUNDLE_IDENTIFIER = com.memoriesalive.Todoey;
				PRODUCT_NAME = "$(TARGET_NAME)";
				SWIFT_VERSION = 4.2;
				TARGETED_DEVICE_FAMILY = "1,2";
			};
			name = Debug;
		};
		12341D9E21CBDB3300D676B6 /* Release */ = {
			isa = XCBuildConfiguration;
			buildSettings = {
				ASSETCATALOG_COMPILER_APPICON_NAME = AppIcon;
				CODE_SIGN_STYLE = Automatic;
				DEVELOPMENT_TEAM = FLGL8YTCUV;
				INFOPLIST_FILE = Todoey/Info.plist;
				LD_RUNPATH_SEARCH_PATHS = (
					"$(inherited)",
					"@executable_path/Frameworks",
				);
				PRODUCT_BUNDLE_IDENTIFIER = com.memoriesalive.Todoey;
				PRODUCT_NAME = "$(TARGET_NAME)";
				SWIFT_VERSION = 4.2;
				TARGETED_DEVICE_FAMILY = "1,2";
			};
			name = Release;
		};
/* End XCBuildConfiguration section */

/* Begin XCConfigurationList section */
		12341D8521CBDB3200D676B6 /* Build configuration list for PBXProject "Todoey" */ = {
			isa = XCConfigurationList;
			buildConfigurations = (
				12341D9A21CBDB3300D676B6 /* Debug */,
				12341D9B21CBDB3300D676B6 /* Release */,
			);
			defaultConfigurationIsVisible = 0;
			defaultConfigurationName = Release;
		};
		12341D9C21CBDB3300D676B6 /* Build configuration list for PBXNativeTarget "Todoey" */ = {
			isa = XCConfigurationList;
			buildConfigurations = (
				12341D9D21CBDB3300D676B6 /* Debug */,
				12341D9E21CBDB3300D676B6 /* Release */,
			);
			defaultConfigurationIsVisible = 0;
			defaultConfigurationName = Release;
		};
/* End XCConfigurationList section */

/* Begin XCVersionGroup section */
		12F5216C21E95FFD00C679B6 /* CoreDataModels.xcdatamodeld */ = {
			isa = XCVersionGroup;
			children = (
				12F5216D21E95FFD00C679B6 /* CoreDataModels.xcdatamodel */,
			);
			currentVersion = 12F5216D21E95FFD00C679B6 /* CoreDataModels.xcdatamodel */;
			path = CoreDataModels.xcdatamodeld;
			sourceTree = "<group>";
			versionGroupType = wrapper.xcdatamodel;
		};
/* End XCVersionGroup section */
	};
	rootObject = 12341D8221CBDB3200D676B6 /* Project object */;
}
